// !$*UTF8*$!
{
	archiveVersion = 1;
	classes = {
	};
	objectVersion = 56;
	objects = {

/* Begin PBXBuildFile section */
		910801572BCF8F4D00BC9137 /* CommentsView.swift in Sources */ = {isa = PBXBuildFile; fileRef = 910801562BCF8F4D00BC9137 /* CommentsView.swift */; };
		910801592BCF968400BC9137 /* SingleCommentView.swift in Sources */ = {isa = PBXBuildFile; fileRef = 910801582BCF968400BC9137 /* SingleCommentView.swift */; };
		911A925B2C1A0067006B2A16 /* ImageViewer.swift in Sources */ = {isa = PBXBuildFile; fileRef = 911A925A2C1A0067006B2A16 /* ImageViewer.swift */; };
		911B48AA2C456E280075F784 /* ThreeDotsView.swift in Sources */ = {isa = PBXBuildFile; fileRef = 911B48A92C456E280075F784 /* ThreeDotsView.swift */; };
		9125C4602C39939000431998 /* MasonryGridView.swift in Sources */ = {isa = PBXBuildFile; fileRef = 9125C45F2C39939000431998 /* MasonryGridView.swift */; };
		9125C4622C3A885700431998 /* SignUpViewModel.swift in Sources */ = {isa = PBXBuildFile; fileRef = 9125C4612C3A885700431998 /* SignUpViewModel.swift */; };
		9125C4642C3A8D5E00431998 /* ImageGridView.swift in Sources */ = {isa = PBXBuildFile; fileRef = 9125C4632C3A8D5E00431998 /* ImageGridView.swift */; };
		9125C4662C3AA7D100431998 /* LoginButtonViewModel.swift in Sources */ = {isa = PBXBuildFile; fileRef = 9125C4652C3AA7D100431998 /* LoginButtonViewModel.swift */; };
		9125C4682C3C161800431998 /* UploadeImageView.swift in Sources */ = {isa = PBXBuildFile; fileRef = 9125C4672C3C161700431998 /* UploadeImageView.swift */; };
		9125C46A2C3D652800431998 /* UploadImagePlusView.swift in Sources */ = {isa = PBXBuildFile; fileRef = 9125C4692C3D652700431998 /* UploadImagePlusView.swift */; };
		9125C4712C4184B000431998 /* RankingImageSingleView.swift in Sources */ = {isa = PBXBuildFile; fileRef = 9125C4702C4184B000431998 /* RankingImageSingleView.swift */; };
		9125C4732C419C1700431998 /* RankingImageView.swift in Sources */ = {isa = PBXBuildFile; fileRef = 9125C4722C419C1700431998 /* RankingImageView.swift */; };
		9125C4752C419D2700431998 /* RankingView.swift in Sources */ = {isa = PBXBuildFile; fileRef = 9125C4742C419D2700431998 /* RankingView.swift */; };
		9125C47A2C419F6900431998 /* PageOffsetObserver.swift in Sources */ = {isa = PBXBuildFile; fileRef = 9125C4792C419F6900431998 /* PageOffsetObserver.swift */; };
		9125C47C2C41A17A00431998 /* RankingUserView.swift in Sources */ = {isa = PBXBuildFile; fileRef = 9125C47B2C41A17A00431998 /* RankingUserView.swift */; };
		912B68872AB088BF00505677 /* InfixelApp.swift in Sources */ = {isa = PBXBuildFile; fileRef = 912B68862AB088BF00505677 /* InfixelApp.swift */; };
		912B68892AB088BF00505677 /* ContentView.swift in Sources */ = {isa = PBXBuildFile; fileRef = 912B68882AB088BF00505677 /* ContentView.swift */; };
		912B688B2AB088C100505677 /* Assets.xcassets in Resources */ = {isa = PBXBuildFile; fileRef = 912B688A2AB088C100505677 /* Assets.xcassets */; };
		912B688E2AB088C100505677 /* Preview Assets.xcassets in Resources */ = {isa = PBXBuildFile; fileRef = 912B688D2AB088C100505677 /* Preview Assets.xcassets */; };
		912B68962AB089EF00505677 /* LoginPage.swift in Sources */ = {isa = PBXBuildFile; fileRef = 912B68952AB089EF00505677 /* LoginPage.swift */; };
		912B689A2AB0A13100505677 /* AsyncImageView.swift in Sources */ = {isa = PBXBuildFile; fileRef = 912B68992AB0A13100505677 /* AsyncImageView.swift */; };
		912B68A22AB4892E00505677 /* Bungee-Regular.ttf in Resources */ = {isa = PBXBuildFile; fileRef = 912B68A12AB4892E00505677 /* Bungee-Regular.ttf */; };
		912B68AD2AB6CF8B00505677 /* SNSLoginView.swift in Sources */ = {isa = PBXBuildFile; fileRef = 912B68AC2AB6CF8B00505677 /* SNSLoginView.swift */; };
		912B68AF2AB6D8F700505677 /* LoginButtonView.swift in Sources */ = {isa = PBXBuildFile; fileRef = 912B68AE2AB6D8F700505677 /* LoginButtonView.swift */; };
		912B68B22AB802C000505677 /* MainPage.swift in Sources */ = {isa = PBXBuildFile; fileRef = 912B68B12AB802C000505677 /* MainPage.swift */; };
		912B68B72AB81B8100505677 /* HomePageView.swift in Sources */ = {isa = PBXBuildFile; fileRef = 912B68B62AB81B8100505677 /* HomePageView.swift */; };
		912B68BC2AB81F0400505677 /* SearchPageView.swift in Sources */ = {isa = PBXBuildFile; fileRef = 912B68BB2AB81F0400505677 /* SearchPageView.swift */; };
		912B68BE2AB81F2F00505677 /* SavePageView.swift in Sources */ = {isa = PBXBuildFile; fileRef = 912B68BD2AB81F2F00505677 /* SavePageView.swift */; };
		912B68C02AB81F3D00505677 /* ProfilePageView.swift in Sources */ = {isa = PBXBuildFile; fileRef = 912B68BF2AB81F3D00505677 /* ProfilePageView.swift */; };
		912B68C22AB8291D00505677 /* NavView.swift in Sources */ = {isa = PBXBuildFile; fileRef = 912B68C12AB8291D00505677 /* NavView.swift */; };
		912F959D2B4E761C0045A250 /* SingleAlbumView.swift in Sources */ = {isa = PBXBuildFile; fileRef = 912F959C2B4E761C0045A250 /* SingleAlbumView.swift */; };
		912F959F2B4FEF430045A250 /* Album_class.swift in Sources */ = {isa = PBXBuildFile; fileRef = 912F959E2B4FEF430045A250 /* Album_class.swift */; };
		91309F222AF0A8FB006E852F /* ColorExtension.swift in Sources */ = {isa = PBXBuildFile; fileRef = 91309F212AF0A8FB006E852F /* ColorExtension.swift */; };
		91309F242AF0DF7E006E852F /* IconView.swift in Sources */ = {isa = PBXBuildFile; fileRef = 91309F232AF0DF7E006E852F /* IconView.swift */; };
		91309F262AF0F3F3006E852F /* horizentalScrollView.swift in Sources */ = {isa = PBXBuildFile; fileRef = 91309F252AF0F3F3006E852F /* horizentalScrollView.swift */; };
		914B4F182AB99E6200643262 /* TabViewModel.swift in Sources */ = {isa = PBXBuildFile; fileRef = 914B4F172AB99E6200643262 /* TabViewModel.swift */; };
		914EB7EE2C2EF4EC002D1B96 /* SearchPageView_tag.swift in Sources */ = {isa = PBXBuildFile; fileRef = 914EB7ED2C2EF4EC002D1B96 /* SearchPageView_tag.swift */; };
		914EB7F02C2EF7C9002D1B96 /* SearchPageView_user.swift in Sources */ = {isa = PBXBuildFile; fileRef = 914EB7EF2C2EF7C9002D1B96 /* SearchPageView_user.swift */; };
		914EB7F22C2F1244002D1B96 /* SearchPageVIew_album.swift in Sources */ = {isa = PBXBuildFile; fileRef = 914EB7F12C2F1244002D1B96 /* SearchPageVIew_album.swift */; };
		914EB7F82C317630002D1B96 /* UserSingleView.swift in Sources */ = {isa = PBXBuildFile; fileRef = 914EB7F72C317630002D1B96 /* UserSingleView.swift */; };
		914EB7FA2C31A2AF002D1B96 /* SearchSingleImage.swift in Sources */ = {isa = PBXBuildFile; fileRef = 914EB7F92C31A2AF002D1B96 /* SearchSingleImage.swift */; };
		914EB7FC2C31A86A002D1B96 /* SearchSingleUser.swift in Sources */ = {isa = PBXBuildFile; fileRef = 914EB7FB2C31A86A002D1B96 /* SearchSingleUser.swift */; };
		914EB7FE2C32DB19002D1B96 /* SearchAlbumSingleView.swift in Sources */ = {isa = PBXBuildFile; fileRef = 914EB7FD2C32DB19002D1B96 /* SearchAlbumSingleView.swift */; };
		915C5BE92C5E8F0F0002357B /* SettingPageView.swift in Sources */ = {isa = PBXBuildFile; fileRef = 915C5BE82C5E8F0F0002357B /* SettingPageView.swift */; };
		915C5BEB2C5EA0480002357B /* NavigationChildView_test.swift in Sources */ = {isa = PBXBuildFile; fileRef = 915C5BEA2C5EA0480002357B /* NavigationChildView_test.swift */; };
		917B43642AC3EB010029609B /* TabViewForSlideImageView_test.swift in Sources */ = {isa = PBXBuildFile; fileRef = 917B43632AC3EB010029609B /* TabViewForSlideImageView_test.swift */; };
		917B43692AC5397A0029609B /* SlideImage_class.swift in Sources */ = {isa = PBXBuildFile; fileRef = 917B43682AC5397A0029609B /* SlideImage_class.swift */; };
		917B436B2AC541180029609B /* User_class.swift in Sources */ = {isa = PBXBuildFile; fileRef = 917B436A2AC541180029609B /* User_class.swift */; };
		917B436D2AC541A80029609B /* Comment_class.swift in Sources */ = {isa = PBXBuildFile; fileRef = 917B436C2AC541A80029609B /* Comment_class.swift */; };
		9192B10A2ABBE4D6007F7ED9 /* SignUpView.swift in Sources */ = {isa = PBXBuildFile; fileRef = 9192B1092ABBE4D6007F7ED9 /* SignUpView.swift */; };
		9192B10E2ABC065B007F7ED9 /* InputView.swift in Sources */ = {isa = PBXBuildFile; fileRef = 9192B10D2ABC065B007F7ED9 /* InputView.swift */; };
		919C23832B46B6C9003182C5 /* AddAlbumView.swift in Sources */ = {isa = PBXBuildFile; fileRef = 919C23822B46B6C9003182C5 /* AddAlbumView.swift */; };
		91B7F2B42AE75F6100BDB2C6 /* Info_SubButtonView.swift in Sources */ = {isa = PBXBuildFile; fileRef = 91B7F2B32AE75F6000BDB2C6 /* Info_SubButtonView.swift */; };
		91DA58842C25AAB9007609F5 /* AppState.swift in Sources */ = {isa = PBXBuildFile; fileRef = 91DA58832C25AAB9007609F5 /* AppState.swift */; };
		91DA58862C26E870007609F5 /* ImageViewModel.swift in Sources */ = {isa = PBXBuildFile; fileRef = 91DA58852C26E870007609F5 /* ImageViewModel.swift */; };
		91DA588A2C2AFB0E007609F5 /* ScrollVIew_test.swift in Sources */ = {isa = PBXBuildFile; fileRef = 91DA58892C2AFB0E007609F5 /* ScrollVIew_test.swift */; };
		91FDAAD72B6265D800C8EE8F /* VarCollectionFile.swift in Sources */ = {isa = PBXBuildFile; fileRef = 91FDAAD62B6265D700C8EE8F /* VarCollectionFile.swift */; };
/* End PBXBuildFile section */

/* Begin PBXFileReference section */
		910801562BCF8F4D00BC9137 /* CommentsView.swift */ = {isa = PBXFileReference; lastKnownFileType = sourcecode.swift; path = CommentsView.swift; sourceTree = "<group>"; };
		910801582BCF968400BC9137 /* SingleCommentView.swift */ = {isa = PBXFileReference; lastKnownFileType = sourcecode.swift; path = SingleCommentView.swift; sourceTree = "<group>"; };
		911A925A2C1A0067006B2A16 /* ImageViewer.swift */ = {isa = PBXFileReference; lastKnownFileType = sourcecode.swift; path = ImageViewer.swift; sourceTree = "<group>"; };
		911B48A92C456E280075F784 /* ThreeDotsView.swift */ = {isa = PBXFileReference; lastKnownFileType = sourcecode.swift; path = ThreeDotsView.swift; sourceTree = "<group>"; };
		9125C45F2C39939000431998 /* MasonryGridView.swift */ = {isa = PBXFileReference; lastKnownFileType = sourcecode.swift; path = MasonryGridView.swift; sourceTree = "<group>"; };
		9125C4612C3A885700431998 /* SignUpViewModel.swift */ = {isa = PBXFileReference; lastKnownFileType = sourcecode.swift; path = SignUpViewModel.swift; sourceTree = "<group>"; };
		9125C4632C3A8D5E00431998 /* ImageGridView.swift */ = {isa = PBXFileReference; lastKnownFileType = sourcecode.swift; path = ImageGridView.swift; sourceTree = "<group>"; };
		9125C4652C3AA7D100431998 /* LoginButtonViewModel.swift */ = {isa = PBXFileReference; lastKnownFileType = sourcecode.swift; path = LoginButtonViewModel.swift; sourceTree = "<group>"; };
		9125C4672C3C161700431998 /* UploadeImageView.swift */ = {isa = PBXFileReference; lastKnownFileType = sourcecode.swift; path = UploadeImageView.swift; sourceTree = "<group>"; };
		9125C4692C3D652700431998 /* UploadImagePlusView.swift */ = {isa = PBXFileReference; lastKnownFileType = sourcecode.swift; path = UploadImagePlusView.swift; sourceTree = "<group>"; };
		9125C4702C4184B000431998 /* RankingImageSingleView.swift */ = {isa = PBXFileReference; lastKnownFileType = sourcecode.swift; path = RankingImageSingleView.swift; sourceTree = "<group>"; };
		9125C4722C419C1700431998 /* RankingImageView.swift */ = {isa = PBXFileReference; lastKnownFileType = sourcecode.swift; path = RankingImageView.swift; sourceTree = "<group>"; };
		9125C4742C419D2700431998 /* RankingView.swift */ = {isa = PBXFileReference; lastKnownFileType = sourcecode.swift; path = RankingView.swift; sourceTree = "<group>"; };
		9125C4792C419F6900431998 /* PageOffsetObserver.swift */ = {isa = PBXFileReference; lastKnownFileType = sourcecode.swift; path = PageOffsetObserver.swift; sourceTree = "<group>"; };
		9125C47B2C41A17A00431998 /* RankingUserView.swift */ = {isa = PBXFileReference; lastKnownFileType = sourcecode.swift; path = RankingUserView.swift; sourceTree = "<group>"; };
		912B68832AB088BF00505677 /* Infixel.app */ = {isa = PBXFileReference; explicitFileType = wrapper.application; includeInIndex = 0; path = Infixel.app; sourceTree = BUILT_PRODUCTS_DIR; };
		912B68862AB088BF00505677 /* InfixelApp.swift */ = {isa = PBXFileReference; lastKnownFileType = sourcecode.swift; path = InfixelApp.swift; sourceTree = "<group>"; };
		912B68882AB088BF00505677 /* ContentView.swift */ = {isa = PBXFileReference; lastKnownFileType = sourcecode.swift; path = ContentView.swift; sourceTree = "<group>"; };
		912B688A2AB088C100505677 /* Assets.xcassets */ = {isa = PBXFileReference; lastKnownFileType = folder.assetcatalog; path = Assets.xcassets; sourceTree = "<group>"; };
		912B688D2AB088C100505677 /* Preview Assets.xcassets */ = {isa = PBXFileReference; lastKnownFileType = folder.assetcatalog; path = "Preview Assets.xcassets"; sourceTree = "<group>"; };
		912B68952AB089EF00505677 /* LoginPage.swift */ = {isa = PBXFileReference; lastKnownFileType = sourcecode.swift; path = LoginPage.swift; sourceTree = "<group>"; };
		912B68992AB0A13100505677 /* AsyncImageView.swift */ = {isa = PBXFileReference; lastKnownFileType = sourcecode.swift; path = AsyncImageView.swift; sourceTree = "<group>"; };
		912B68A12AB4892E00505677 /* Bungee-Regular.ttf */ = {isa = PBXFileReference; lastKnownFileType = file; path = "Bungee-Regular.ttf"; sourceTree = "<group>"; };
		912B68A32AB48C9A00505677 /* Info.plist */ = {isa = PBXFileReference; lastKnownFileType = text.plist; path = Info.plist; sourceTree = "<group>"; };
		912B68AC2AB6CF8B00505677 /* SNSLoginView.swift */ = {isa = PBXFileReference; lastKnownFileType = sourcecode.swift; path = SNSLoginView.swift; sourceTree = "<group>"; };
		912B68AE2AB6D8F700505677 /* LoginButtonView.swift */ = {isa = PBXFileReference; lastKnownFileType = sourcecode.swift; path = LoginButtonView.swift; sourceTree = "<group>"; };
		912B68B12AB802C000505677 /* MainPage.swift */ = {isa = PBXFileReference; lastKnownFileType = sourcecode.swift; path = MainPage.swift; sourceTree = "<group>"; };
		912B68B62AB81B8100505677 /* HomePageView.swift */ = {isa = PBXFileReference; lastKnownFileType = sourcecode.swift; path = HomePageView.swift; sourceTree = "<group>"; };
		912B68BB2AB81F0400505677 /* SearchPageView.swift */ = {isa = PBXFileReference; lastKnownFileType = sourcecode.swift; path = SearchPageView.swift; sourceTree = "<group>"; };
		912B68BD2AB81F2F00505677 /* SavePageView.swift */ = {isa = PBXFileReference; lastKnownFileType = sourcecode.swift; path = SavePageView.swift; sourceTree = "<group>"; };
		912B68BF2AB81F3D00505677 /* ProfilePageView.swift */ = {isa = PBXFileReference; lastKnownFileType = sourcecode.swift; path = ProfilePageView.swift; sourceTree = "<group>"; };
		912B68C12AB8291D00505677 /* NavView.swift */ = {isa = PBXFileReference; lastKnownFileType = sourcecode.swift; path = NavView.swift; sourceTree = "<group>"; };
		912F959C2B4E761C0045A250 /* SingleAlbumView.swift */ = {isa = PBXFileReference; lastKnownFileType = sourcecode.swift; path = SingleAlbumView.swift; sourceTree = "<group>"; };
		912F959E2B4FEF430045A250 /* Album_class.swift */ = {isa = PBXFileReference; lastKnownFileType = sourcecode.swift; path = Album_class.swift; sourceTree = "<group>"; };
		91309F212AF0A8FB006E852F /* ColorExtension.swift */ = {isa = PBXFileReference; lastKnownFileType = sourcecode.swift; path = ColorExtension.swift; sourceTree = "<group>"; };
		91309F232AF0DF7E006E852F /* IconView.swift */ = {isa = PBXFileReference; lastKnownFileType = sourcecode.swift; path = IconView.swift; sourceTree = "<group>"; };
		91309F252AF0F3F3006E852F /* horizentalScrollView.swift */ = {isa = PBXFileReference; lastKnownFileType = sourcecode.swift; path = horizentalScrollView.swift; sourceTree = "<group>"; };
		914B4F172AB99E6200643262 /* TabViewModel.swift */ = {isa = PBXFileReference; lastKnownFileType = sourcecode.swift; path = TabViewModel.swift; sourceTree = "<group>"; };
		914EB7ED2C2EF4EC002D1B96 /* SearchPageView_tag.swift */ = {isa = PBXFileReference; lastKnownFileType = sourcecode.swift; path = SearchPageView_tag.swift; sourceTree = "<group>"; };
		914EB7EF2C2EF7C9002D1B96 /* SearchPageView_user.swift */ = {isa = PBXFileReference; lastKnownFileType = sourcecode.swift; path = SearchPageView_user.swift; sourceTree = "<group>"; };
		914EB7F12C2F1244002D1B96 /* SearchPageVIew_album.swift */ = {isa = PBXFileReference; lastKnownFileType = sourcecode.swift; path = SearchPageVIew_album.swift; sourceTree = "<group>"; };
		914EB7F72C317630002D1B96 /* UserSingleView.swift */ = {isa = PBXFileReference; lastKnownFileType = sourcecode.swift; path = UserSingleView.swift; sourceTree = "<group>"; };
		914EB7F92C31A2AF002D1B96 /* SearchSingleImage.swift */ = {isa = PBXFileReference; lastKnownFileType = sourcecode.swift; path = SearchSingleImage.swift; sourceTree = "<group>"; };
		914EB7FB2C31A86A002D1B96 /* SearchSingleUser.swift */ = {isa = PBXFileReference; lastKnownFileType = sourcecode.swift; path = SearchSingleUser.swift; sourceTree = "<group>"; };
		914EB7FD2C32DB19002D1B96 /* SearchAlbumSingleView.swift */ = {isa = PBXFileReference; lastKnownFileType = sourcecode.swift; path = SearchAlbumSingleView.swift; sourceTree = "<group>"; };
		915C5BE82C5E8F0F0002357B /* SettingPageView.swift */ = {isa = PBXFileReference; lastKnownFileType = sourcecode.swift; path = SettingPageView.swift; sourceTree = "<group>"; };
		915C5BEA2C5EA0480002357B /* NavigationChildView_test.swift */ = {isa = PBXFileReference; lastKnownFileType = sourcecode.swift; path = NavigationChildView_test.swift; sourceTree = "<group>"; };
		917B43632AC3EB010029609B /* TabViewForSlideImageView_test.swift */ = {isa = PBXFileReference; lastKnownFileType = sourcecode.swift; path = TabViewForSlideImageView_test.swift; sourceTree = "<group>"; };
		917B43682AC5397A0029609B /* SlideImage_class.swift */ = {isa = PBXFileReference; lastKnownFileType = sourcecode.swift; path = SlideImage_class.swift; sourceTree = "<group>"; };
		917B436A2AC541180029609B /* User_class.swift */ = {isa = PBXFileReference; lastKnownFileType = sourcecode.swift; path = User_class.swift; sourceTree = "<group>"; };
		917B436C2AC541A80029609B /* Comment_class.swift */ = {isa = PBXFileReference; lastKnownFileType = sourcecode.swift; path = Comment_class.swift; sourceTree = "<group>"; };
		9192B1092ABBE4D6007F7ED9 /* SignUpView.swift */ = {isa = PBXFileReference; lastKnownFileType = sourcecode.swift; path = SignUpView.swift; sourceTree = "<group>"; };
		9192B10D2ABC065B007F7ED9 /* InputView.swift */ = {isa = PBXFileReference; lastKnownFileType = sourcecode.swift; path = InputView.swift; sourceTree = "<group>"; };
		919C23822B46B6C9003182C5 /* AddAlbumView.swift */ = {isa = PBXFileReference; lastKnownFileType = sourcecode.swift; path = AddAlbumView.swift; sourceTree = "<group>"; };
		91B7F2B32AE75F6000BDB2C6 /* Info_SubButtonView.swift */ = {isa = PBXFileReference; lastKnownFileType = sourcecode.swift; path = Info_SubButtonView.swift; sourceTree = "<group>"; };
		91DA58832C25AAB9007609F5 /* AppState.swift */ = {isa = PBXFileReference; lastKnownFileType = sourcecode.swift; path = AppState.swift; sourceTree = "<group>"; };
		91DA58852C26E870007609F5 /* ImageViewModel.swift */ = {isa = PBXFileReference; lastKnownFileType = sourcecode.swift; path = ImageViewModel.swift; sourceTree = "<group>"; };
		91DA58892C2AFB0E007609F5 /* ScrollVIew_test.swift */ = {isa = PBXFileReference; lastKnownFileType = sourcecode.swift; path = ScrollVIew_test.swift; sourceTree = "<group>"; };
		91FDAAD62B6265D700C8EE8F /* VarCollectionFile.swift */ = {isa = PBXFileReference; lastKnownFileType = sourcecode.swift; path = VarCollectionFile.swift; sourceTree = "<group>"; };
/* End PBXFileReference section */

/* Begin PBXFrameworksBuildPhase section */
		912B68802AB088BF00505677 /* Frameworks */ = {
			isa = PBXFrameworksBuildPhase;
			buildActionMask = 2147483647;
			files = (
			);
			runOnlyForDeploymentPostprocessing = 0;
		};
/* End PBXFrameworksBuildPhase section */

/* Begin PBXGroup section */
		9125C46F2C41847900431998 /* RankingPageGroup */ = {
			isa = PBXGroup;
			children = (
				9125C4702C4184B000431998 /* RankingImageSingleView.swift */,
				9125C4722C419C1700431998 /* RankingImageView.swift */,
				9125C4742C419D2700431998 /* RankingView.swift */,
				9125C47B2C41A17A00431998 /* RankingUserView.swift */,
			);
			path = RankingPageGroup;
			sourceTree = "<group>";
		};
		912B687A2AB088BF00505677 = {
			isa = PBXGroup;
			children = (
				912B68852AB088BF00505677 /* Infixel */,
				912B68842AB088BF00505677 /* Products */,
			);
			sourceTree = "<group>";
		};
		912B68842AB088BF00505677 /* Products */ = {
			isa = PBXGroup;
			children = (
				912B68832AB088BF00505677 /* Infixel.app */,
			);
			name = Products;
			sourceTree = "<group>";
		};
		912B68852AB088BF00505677 /* Infixel */ = {
			isa = PBXGroup;
			children = (
				9192B1192AC3C67D007F7ED9 /* Test */,
				912B689D2AB47B0300505677 /* modules */,
				917B43672AC539470029609B /* Classes */,
				912B68B32AB81B3200505677 /* PageGroups */,
				912B68A32AB48C9A00505677 /* Info.plist */,
				912B68A02AB488EC00505677 /* Font */,
				912B68862AB088BF00505677 /* InfixelApp.swift */,
				912B68882AB088BF00505677 /* ContentView.swift */,
				912B688A2AB088C100505677 /* Assets.xcassets */,
				912B688C2AB088C100505677 /* Preview Content */,
			);
			path = Infixel;
			sourceTree = "<group>";
		};
		912B688C2AB088C100505677 /* Preview Content */ = {
			isa = PBXGroup;
			children = (
				912B688D2AB088C100505677 /* Preview Assets.xcassets */,
			);
			path = "Preview Content";
			sourceTree = "<group>";
		};
		912B68942AB089C000505677 /* LoginPageGroup */ = {
			isa = PBXGroup;
			children = (
				9192B10B2ABBFD3F007F7ED9 /* SignUpPageGroup */,
				912B68952AB089EF00505677 /* LoginPage.swift */,
				912B68AC2AB6CF8B00505677 /* SNSLoginView.swift */,
				912B68AE2AB6D8F700505677 /* LoginButtonView.swift */,
				9125C4652C3AA7D100431998 /* LoginButtonViewModel.swift */,
			);
			path = LoginPageGroup;
			sourceTree = "<group>";
		};
		912B689D2AB47B0300505677 /* modules */ = {
			isa = PBXGroup;
			children = (
				91309F212AF0A8FB006E852F /* ColorExtension.swift */,
				9125C4632C3A8D5E00431998 /* ImageGridView.swift */,
			);
			path = modules;
			sourceTree = "<group>";
		};
		912B68A02AB488EC00505677 /* Font */ = {
			isa = PBXGroup;
			children = (
				912B68A12AB4892E00505677 /* Bungee-Regular.ttf */,
			);
			path = Font;
			sourceTree = "<group>";
		};
		912B68B02AB8029000505677 /* MainPageGroup */ = {
			isa = PBXGroup;
			children = (
				91B7F2B32AE75F6000BDB2C6 /* Info_SubButtonView.swift */,
				9125C46F2C41847900431998 /* RankingPageGroup */,
				912B68BA2AB81EE500505677 /* ProfilePageGroup */,
				912B68B92AB81ED600505677 /* SavePageGroup */,
				912B68B82AB81EC200505677 /* SearchPageGroup */,
				912B68B42AB81B6600505677 /* HomePageGroup */,
				912B68B12AB802C000505677 /* MainPage.swift */,
				912B68C12AB8291D00505677 /* NavView.swift */,
			);
			path = MainPageGroup;
			sourceTree = "<group>";
		};
		912B68B32AB81B3200505677 /* PageGroups */ = {
			isa = PBXGroup;
			children = (
				9192B10C2ABC0646007F7ED9 /* ViewModel */,
				912B68942AB089C000505677 /* LoginPageGroup */,
				912B68B02AB8029000505677 /* MainPageGroup */,
			);
			path = PageGroups;
			sourceTree = "<group>";
		};
		912B68B42AB81B6600505677 /* HomePageGroup */ = {
			isa = PBXGroup;
			children = (
				912B68B62AB81B8100505677 /* HomePageView.swift */,
				919C23822B46B6C9003182C5 /* AddAlbumView.swift */,
				912F959C2B4E761C0045A250 /* SingleAlbumView.swift */,
				910801562BCF8F4D00BC9137 /* CommentsView.swift */,
				910801582BCF968400BC9137 /* SingleCommentView.swift */,
				9125C4672C3C161700431998 /* UploadeImageView.swift */,
				9125C4692C3D652700431998 /* UploadImagePlusView.swift */,
				911B48A92C456E280075F784 /* ThreeDotsView.swift */,
			);
			path = HomePageGroup;
			sourceTree = "<group>";
		};
		912B68B82AB81EC200505677 /* SearchPageGroup */ = {
			isa = PBXGroup;
			children = (
				912B68BB2AB81F0400505677 /* SearchPageView.swift */,
				911A925A2C1A0067006B2A16 /* ImageViewer.swift */,
				914EB7ED2C2EF4EC002D1B96 /* SearchPageView_tag.swift */,
				914EB7EF2C2EF7C9002D1B96 /* SearchPageView_user.swift */,
				914EB7F12C2F1244002D1B96 /* SearchPageVIew_album.swift */,
				914EB7F72C317630002D1B96 /* UserSingleView.swift */,
				914EB7FD2C32DB19002D1B96 /* SearchAlbumSingleView.swift */,
			);
			path = SearchPageGroup;
			sourceTree = "<group>";
		};
		912B68B92AB81ED600505677 /* SavePageGroup */ = {
			isa = PBXGroup;
			children = (
				912B68BD2AB81F2F00505677 /* SavePageView.swift */,
			);
			path = SavePageGroup;
			sourceTree = "<group>";
		};
		912B68BA2AB81EE500505677 /* ProfilePageGroup */ = {
			isa = PBXGroup;
			children = (
				912B68BF2AB81F3D00505677 /* ProfilePageView.swift */,
				915C5BE82C5E8F0F0002357B /* SettingPageView.swift */,
			);
			path = ProfilePageGroup;
			sourceTree = "<group>";
		};
		917B43672AC539470029609B /* Classes */ = {
			isa = PBXGroup;
			children = (
				917B43682AC5397A0029609B /* SlideImage_class.swift */,
				917B436A2AC541180029609B /* User_class.swift */,
				917B436C2AC541A80029609B /* Comment_class.swift */,
				912F959E2B4FEF430045A250 /* Album_class.swift */,
				91FDAAD62B6265D700C8EE8F /* VarCollectionFile.swift */,
				914EB7F92C31A2AF002D1B96 /* SearchSingleImage.swift */,
				914EB7FB2C31A86A002D1B96 /* SearchSingleUser.swift */,
				9125C4792C419F6900431998 /* PageOffsetObserver.swift */,
			);
			path = Classes;
			sourceTree = "<group>";
		};
		9192B10B2ABBFD3F007F7ED9 /* SignUpPageGroup */ = {
			isa = PBXGroup;
			children = (
				9192B1092ABBE4D6007F7ED9 /* SignUpView.swift */,
				9125C4612C3A885700431998 /* SignUpViewModel.swift */,
			);
			path = SignUpPageGroup;
			sourceTree = "<group>";
		};
		9192B10C2ABC0646007F7ED9 /* ViewModel */ = {
			isa = PBXGroup;
			children = (
				91DA58832C25AAB9007609F5 /* AppState.swift */,
				914B4F172AB99E6200643262 /* TabViewModel.swift */,
				912B68992AB0A13100505677 /* AsyncImageView.swift */,
				9192B10D2ABC065B007F7ED9 /* InputView.swift */,
				91309F232AF0DF7E006E852F /* IconView.swift */,
				91DA58852C26E870007609F5 /* ImageViewModel.swift */,
			);
			path = ViewModel;
			sourceTree = "<group>";
		};
		9192B1192AC3C67D007F7ED9 /* Test */ = {
			isa = PBXGroup;
			children = (
				917B43632AC3EB010029609B /* TabViewForSlideImageView_test.swift */,
				91309F252AF0F3F3006E852F /* horizentalScrollView.swift */,
				91DA58892C2AFB0E007609F5 /* ScrollVIew_test.swift */,
				9125C45F2C39939000431998 /* MasonryGridView.swift */,
				915C5BEA2C5EA0480002357B /* NavigationChildView_test.swift */,
			);
			path = Test;
			sourceTree = "<group>";
		};
/* End PBXGroup section */

/* Begin PBXNativeTarget section */
		912B68822AB088BF00505677 /* Infixel */ = {
			isa = PBXNativeTarget;
			buildConfigurationList = 912B68912AB088C100505677 /* Build configuration list for PBXNativeTarget "Infixel" */;
			buildPhases = (
				912B687F2AB088BF00505677 /* Sources */,
				912B68802AB088BF00505677 /* Frameworks */,
				912B68812AB088BF00505677 /* Resources */,
			);
			buildRules = (
			);
			dependencies = (
			);
			name = Infixel;
			productName = Infixel;
			productReference = 912B68832AB088BF00505677 /* Infixel.app */;
			productType = "com.apple.product-type.application";
		};
/* End PBXNativeTarget section */

/* Begin PBXProject section */
		912B687B2AB088BF00505677 /* Project object */ = {
			isa = PBXProject;
			attributes = {
				BuildIndependentTargetsInParallel = 1;
				LastSwiftUpdateCheck = 1430;
				LastUpgradeCheck = 1430;
				TargetAttributes = {
					912B68822AB088BF00505677 = {
						CreatedOnToolsVersion = 14.3.1;
					};
				};
			};
			buildConfigurationList = 912B687E2AB088BF00505677 /* Build configuration list for PBXProject "Infixel" */;
			compatibilityVersion = "Xcode 14.0";
			developmentRegion = en;
			hasScannedForEncodings = 0;
			knownRegions = (
				en,
				Base,
			);
			mainGroup = 912B687A2AB088BF00505677;
			productRefGroup = 912B68842AB088BF00505677 /* Products */;
			projectDirPath = "";
			projectRoot = "";
			targets = (
				912B68822AB088BF00505677 /* Infixel */,
			);
		};
/* End PBXProject section */

/* Begin PBXResourcesBuildPhase section */
		912B68812AB088BF00505677 /* Resources */ = {
			isa = PBXResourcesBuildPhase;
			buildActionMask = 2147483647;
			files = (
				912B68A22AB4892E00505677 /* Bungee-Regular.ttf in Resources */,
				912B688E2AB088C100505677 /* Preview Assets.xcassets in Resources */,
				912B688B2AB088C100505677 /* Assets.xcassets in Resources */,
			);
			runOnlyForDeploymentPostprocessing = 0;
		};
/* End PBXResourcesBuildPhase section */

/* Begin PBXSourcesBuildPhase section */
		912B687F2AB088BF00505677 /* Sources */ = {
			isa = PBXSourcesBuildPhase;
			buildActionMask = 2147483647;
			files = (
				9125C4752C419D2700431998 /* RankingView.swift in Sources */,
				914B4F182AB99E6200643262 /* TabViewModel.swift in Sources */,
				9125C4712C4184B000431998 /* RankingImageSingleView.swift in Sources */,
				912B68892AB088BF00505677 /* ContentView.swift in Sources */,
				912B68BC2AB81F0400505677 /* SearchPageView.swift in Sources */,
				914EB7FA2C31A2AF002D1B96 /* SearchSingleImage.swift in Sources */,
				912F959F2B4FEF430045A250 /* Album_class.swift in Sources */,
				912F959D2B4E761C0045A250 /* SingleAlbumView.swift in Sources */,
				914EB7EE2C2EF4EC002D1B96 /* SearchPageView_tag.swift in Sources */,
				91FDAAD72B6265D800C8EE8F /* VarCollectionFile.swift in Sources */,
				912B68C22AB8291D00505677 /* NavView.swift in Sources */,
				917B436D2AC541A80029609B /* Comment_class.swift in Sources */,
				917B43642AC3EB010029609B /* TabViewForSlideImageView_test.swift in Sources */,
				919C23832B46B6C9003182C5 /* AddAlbumView.swift in Sources */,
				911A925B2C1A0067006B2A16 /* ImageViewer.swift in Sources */,
				9125C4602C39939000431998 /* MasonryGridView.swift in Sources */,
				912B68BE2AB81F2F00505677 /* SavePageView.swift in Sources */,
				9192B10A2ABBE4D6007F7ED9 /* SignUpView.swift in Sources */,
				91309F262AF0F3F3006E852F /* horizentalScrollView.swift in Sources */,
				914EB7F02C2EF7C9002D1B96 /* SearchPageView_user.swift in Sources */,
				9125C4662C3AA7D100431998 /* LoginButtonViewModel.swift in Sources */,
				91DA58842C25AAB9007609F5 /* AppState.swift in Sources */,
				912B68962AB089EF00505677 /* LoginPage.swift in Sources */,
				910801572BCF8F4D00BC9137 /* CommentsView.swift in Sources */,
				912B68B22AB802C000505677 /* MainPage.swift in Sources */,
				9125C47A2C419F6900431998 /* PageOffsetObserver.swift in Sources */,
				914EB7FE2C32DB19002D1B96 /* SearchAlbumSingleView.swift in Sources */,
				914EB7F22C2F1244002D1B96 /* SearchPageVIew_album.swift in Sources */,
				91309F242AF0DF7E006E852F /* IconView.swift in Sources */,
				912B68872AB088BF00505677 /* InfixelApp.swift in Sources */,
				912B68AF2AB6D8F700505677 /* LoginButtonView.swift in Sources */,
				9125C4682C3C161800431998 /* UploadeImageView.swift in Sources */,
				915C5BE92C5E8F0F0002357B /* SettingPageView.swift in Sources */,
				915C5BEB2C5EA0480002357B /* NavigationChildView_test.swift in Sources */,
				917B43692AC5397A0029609B /* SlideImage_class.swift in Sources */,
				912B68AD2AB6CF8B00505677 /* SNSLoginView.swift in Sources */,
				9125C4642C3A8D5E00431998 /* ImageGridView.swift in Sources */,
				91DA588A2C2AFB0E007609F5 /* ScrollVIew_test.swift in Sources */,
				9125C47C2C41A17A00431998 /* RankingUserView.swift in Sources */,
				912B68B72AB81B8100505677 /* HomePageView.swift in Sources */,
				9192B10E2ABC065B007F7ED9 /* InputView.swift in Sources */,
				911B48AA2C456E280075F784 /* ThreeDotsView.swift in Sources */,
				912B689A2AB0A13100505677 /* AsyncImageView.swift in Sources */,
				91DA58862C26E870007609F5 /* ImageViewModel.swift in Sources */,
				9125C4732C419C1700431998 /* RankingImageView.swift in Sources */,
				914EB7FC2C31A86A002D1B96 /* SearchSingleUser.swift in Sources */,
				91B7F2B42AE75F6100BDB2C6 /* Info_SubButtonView.swift in Sources */,
				910801592BCF968400BC9137 /* SingleCommentView.swift in Sources */,
				917B436B2AC541180029609B /* User_class.swift in Sources */,
				912B68C02AB81F3D00505677 /* ProfilePageView.swift in Sources */,
				91309F222AF0A8FB006E852F /* ColorExtension.swift in Sources */,
				9125C46A2C3D652800431998 /* UploadImagePlusView.swift in Sources */,
				9125C4622C3A885700431998 /* SignUpViewModel.swift in Sources */,
				914EB7F82C317630002D1B96 /* UserSingleView.swift in Sources */,
			);
			runOnlyForDeploymentPostprocessing = 0;
		};
/* End PBXSourcesBuildPhase section */

/* Begin XCBuildConfiguration section */
		912B688F2AB088C100505677 /* Debug */ = {
			isa = XCBuildConfiguration;
			buildSettings = {
				ALWAYS_SEARCH_USER_PATHS = NO;
				CLANG_ANALYZER_NONNULL = YES;
				CLANG_ANALYZER_NUMBER_OBJECT_CONVERSION = YES_AGGRESSIVE;
				CLANG_CXX_LANGUAGE_STANDARD = "gnu++20";
				CLANG_ENABLE_MODULES = YES;
				CLANG_ENABLE_OBJC_ARC = YES;
				CLANG_ENABLE_OBJC_WEAK = YES;
				CLANG_WARN_BLOCK_CAPTURE_AUTORELEASING = YES;
				CLANG_WARN_BOOL_CONVERSION = YES;
				CLANG_WARN_COMMA = YES;
				CLANG_WARN_CONSTANT_CONVERSION = YES;
				CLANG_WARN_DEPRECATED_OBJC_IMPLEMENTATIONS = YES;
				CLANG_WARN_DIRECT_OBJC_ISA_USAGE = YES_ERROR;
				CLANG_WARN_DOCUMENTATION_COMMENTS = YES;
				CLANG_WARN_EMPTY_BODY = YES;
				CLANG_WARN_ENUM_CONVERSION = YES;
				CLANG_WARN_INFINITE_RECURSION = YES;
				CLANG_WARN_INT_CONVERSION = YES;
				CLANG_WARN_NON_LITERAL_NULL_CONVERSION = YES;
				CLANG_WARN_OBJC_IMPLICIT_RETAIN_SELF = YES;
				CLANG_WARN_OBJC_LITERAL_CONVERSION = YES;
				CLANG_WARN_OBJC_ROOT_CLASS = YES_ERROR;
				CLANG_WARN_QUOTED_INCLUDE_IN_FRAMEWORK_HEADER = YES;
				CLANG_WARN_RANGE_LOOP_ANALYSIS = YES;
				CLANG_WARN_STRICT_PROTOTYPES = YES;
				CLANG_WARN_SUSPICIOUS_MOVE = YES;
				CLANG_WARN_UNGUARDED_AVAILABILITY = YES_AGGRESSIVE;
				CLANG_WARN_UNREACHABLE_CODE = YES;
				CLANG_WARN__DUPLICATE_METHOD_MATCH = YES;
				COPY_PHASE_STRIP = NO;
				DEBUG_INFORMATION_FORMAT = dwarf;
				ENABLE_STRICT_OBJC_MSGSEND = YES;
				ENABLE_TESTABILITY = YES;
				GCC_C_LANGUAGE_STANDARD = gnu11;
				GCC_DYNAMIC_NO_PIC = NO;
				GCC_NO_COMMON_BLOCKS = YES;
				GCC_OPTIMIZATION_LEVEL = 0;
				GCC_PREPROCESSOR_DEFINITIONS = (
					"DEBUG=1",
					"$(inherited)",
				);
				GCC_WARN_64_TO_32_BIT_CONVERSION = YES;
				GCC_WARN_ABOUT_RETURN_TYPE = YES_ERROR;
				GCC_WARN_UNDECLARED_SELECTOR = YES;
				GCC_WARN_UNINITIALIZED_AUTOS = YES_AGGRESSIVE;
				GCC_WARN_UNUSED_FUNCTION = YES;
				GCC_WARN_UNUSED_VARIABLE = YES;
				IPHONEOS_DEPLOYMENT_TARGET = 17.0;
				MTL_ENABLE_DEBUG_INFO = INCLUDE_SOURCE;
				MTL_FAST_MATH = YES;
				ONLY_ACTIVE_ARCH = YES;
				SDKROOT = iphoneos;
				SWIFT_ACTIVE_COMPILATION_CONDITIONS = DEBUG;
				SWIFT_OPTIMIZATION_LEVEL = "-Onone";
			};
			name = Debug;
		};
		912B68902AB088C100505677 /* Release */ = {
			isa = XCBuildConfiguration;
			buildSettings = {
				ALWAYS_SEARCH_USER_PATHS = NO;
				CLANG_ANALYZER_NONNULL = YES;
				CLANG_ANALYZER_NUMBER_OBJECT_CONVERSION = YES_AGGRESSIVE;
				CLANG_CXX_LANGUAGE_STANDARD = "gnu++20";
				CLANG_ENABLE_MODULES = YES;
				CLANG_ENABLE_OBJC_ARC = YES;
				CLANG_ENABLE_OBJC_WEAK = YES;
				CLANG_WARN_BLOCK_CAPTURE_AUTORELEASING = YES;
				CLANG_WARN_BOOL_CONVERSION = YES;
				CLANG_WARN_COMMA = YES;
				CLANG_WARN_CONSTANT_CONVERSION = YES;
				CLANG_WARN_DEPRECATED_OBJC_IMPLEMENTATIONS = YES;
				CLANG_WARN_DIRECT_OBJC_ISA_USAGE = YES_ERROR;
				CLANG_WARN_DOCUMENTATION_COMMENTS = YES;
				CLANG_WARN_EMPTY_BODY = YES;
				CLANG_WARN_ENUM_CONVERSION = YES;
				CLANG_WARN_INFINITE_RECURSION = YES;
				CLANG_WARN_INT_CONVERSION = YES;
				CLANG_WARN_NON_LITERAL_NULL_CONVERSION = YES;
				CLANG_WARN_OBJC_IMPLICIT_RETAIN_SELF = YES;
				CLANG_WARN_OBJC_LITERAL_CONVERSION = YES;
				CLANG_WARN_OBJC_ROOT_CLASS = YES_ERROR;
				CLANG_WARN_QUOTED_INCLUDE_IN_FRAMEWORK_HEADER = YES;
				CLANG_WARN_RANGE_LOOP_ANALYSIS = YES;
				CLANG_WARN_STRICT_PROTOTYPES = YES;
				CLANG_WARN_SUSPICIOUS_MOVE = YES;
				CLANG_WARN_UNGUARDED_AVAILABILITY = YES_AGGRESSIVE;
				CLANG_WARN_UNREACHABLE_CODE = YES;
				CLANG_WARN__DUPLICATE_METHOD_MATCH = YES;
				COPY_PHASE_STRIP = NO;
				DEBUG_INFORMATION_FORMAT = "dwarf-with-dsym";
				ENABLE_NS_ASSERTIONS = NO;
				ENABLE_STRICT_OBJC_MSGSEND = YES;
				GCC_C_LANGUAGE_STANDARD = gnu11;
				GCC_NO_COMMON_BLOCKS = YES;
				GCC_WARN_64_TO_32_BIT_CONVERSION = YES;
				GCC_WARN_ABOUT_RETURN_TYPE = YES_ERROR;
				GCC_WARN_UNDECLARED_SELECTOR = YES;
				GCC_WARN_UNINITIALIZED_AUTOS = YES_AGGRESSIVE;
				GCC_WARN_UNUSED_FUNCTION = YES;
				GCC_WARN_UNUSED_VARIABLE = YES;
				IPHONEOS_DEPLOYMENT_TARGET = 17.0;
				MTL_ENABLE_DEBUG_INFO = NO;
				MTL_FAST_MATH = YES;
				SDKROOT = iphoneos;
				SWIFT_COMPILATION_MODE = wholemodule;
				SWIFT_OPTIMIZATION_LEVEL = "-O";
				VALIDATE_PRODUCT = YES;
			};
			name = Release;
		};
		912B68922AB088C100505677 /* Debug */ = {
			isa = XCBuildConfiguration;
			buildSettings = {
				ASSETCATALOG_COMPILER_APPICON_NAME = AppIcon;
				ASSETCATALOG_COMPILER_GLOBAL_ACCENT_COLOR_NAME = AccentColor;
				CODE_SIGN_STYLE = Automatic;
				CURRENT_PROJECT_VERSION = 1;
				DEVELOPMENT_ASSET_PATHS = "\"Infixel/Preview Content\"";
				DEVELOPMENT_TEAM = M3KH86595Z;
				ENABLE_PREVIEWS = YES;
				GENERATE_INFOPLIST_FILE = YES;
				INFOPLIST_FILE = Infixel/Info.plist;
				INFOPLIST_KEY_NSCameraUsageDescription = "새로운 이미지를 업로드하기 위해 카메라를 사용합니다.";
				INFOPLIST_KEY_NSPhotoLibraryUsageDescription = "업로드/다운로드하기 위한 앨범이 사용됩니다.";
				INFOPLIST_KEY_UIApplicationSceneManifest_Generation = YES;
				INFOPLIST_KEY_UIApplicationSupportsIndirectInputEvents = YES;
				INFOPLIST_KEY_UILaunchScreen_Generation = YES;
				INFOPLIST_KEY_UISupportedInterfaceOrientations_iPad = "UIInterfaceOrientationPortrait UIInterfaceOrientationPortraitUpsideDown UIInterfaceOrientationLandscapeLeft UIInterfaceOrientationLandscapeRight";
				INFOPLIST_KEY_UISupportedInterfaceOrientations_iPhone = "UIInterfaceOrientationPortrait UIInterfaceOrientationLandscapeLeft UIInterfaceOrientationLandscapeRight";
				LD_RUNPATH_SEARCH_PATHS = (
					"$(inherited)",
					"@executable_path/Frameworks",
				);
				MARKETING_VERSION = 1.0;
				PRODUCT_BUNDLE_IDENTIFIER = com.sangjin.Infixel;
				PRODUCT_NAME = "$(TARGET_NAME)";
				SWIFT_EMIT_LOC_STRINGS = YES;
				SWIFT_VERSION = 5.0;
				TARGETED_DEVICE_FAMILY = "1,2";
			};
			name = Debug;
		};
		912B68932AB088C100505677 /* Release */ = {
			isa = XCBuildConfiguration;
			buildSettings = {
				ASSETCATALOG_COMPILER_APPICON_NAME = AppIcon;
				ASSETCATALOG_COMPILER_GLOBAL_ACCENT_COLOR_NAME = AccentColor;
				CODE_SIGN_STYLE = Automatic;
				CURRENT_PROJECT_VERSION = 1;
				DEVELOPMENT_ASSET_PATHS = "\"Infixel/Preview Content\"";
				DEVELOPMENT_TEAM = M3KH86595Z;
				ENABLE_PREVIEWS = YES;
				GENERATE_INFOPLIST_FILE = YES;
				INFOPLIST_FILE = Infixel/Info.plist;
				INFOPLIST_KEY_NSCameraUsageDescription = "새로운 이미지를 업로드하기 위해 카메라를 사용합니다.";
				INFOPLIST_KEY_NSPhotoLibraryUsageDescription = "업로드/다운로드하기 위한 앨범이 사용됩니다.";
				INFOPLIST_KEY_UIApplicationSceneManifest_Generation = YES;
				INFOPLIST_KEY_UIApplicationSupportsIndirectInputEvents = YES;
				INFOPLIST_KEY_UILaunchScreen_Generation = YES;
				INFOPLIST_KEY_UISupportedInterfaceOrientations_iPad = "UIInterfaceOrientationPortrait UIInterfaceOrientationPortraitUpsideDown UIInterfaceOrientationLandscapeLeft UIInterfaceOrientationLandscapeRight";
				INFOPLIST_KEY_UISupportedInterfaceOrientations_iPhone = "UIInterfaceOrientationPortrait UIInterfaceOrientationLandscapeLeft UIInterfaceOrientationLandscapeRight";
				LD_RUNPATH_SEARCH_PATHS = (
					"$(inherited)",
					"@executable_path/Frameworks",
				);
				MARKETING_VERSION = 1.0;
				PRODUCT_BUNDLE_IDENTIFIER = com.sangjin.Infixel;
				PRODUCT_NAME = "$(TARGET_NAME)";
				SWIFT_EMIT_LOC_STRINGS = YES;
				SWIFT_VERSION = 5.0;
				TARGETED_DEVICE_FAMILY = "1,2";
			};
			name = Release;
		};
/* End XCBuildConfiguration section */

/* Begin XCConfigurationList section */
		912B687E2AB088BF00505677 /* Build configuration list for PBXProject "Infixel" */ = {
			isa = XCConfigurationList;
			buildConfigurations = (
				912B688F2AB088C100505677 /* Debug */,
				912B68902AB088C100505677 /* Release */,
			);
			defaultConfigurationIsVisible = 0;
			defaultConfigurationName = Release;
		};
		912B68912AB088C100505677 /* Build configuration list for PBXNativeTarget "Infixel" */ = {
			isa = XCConfigurationList;
			buildConfigurations = (
				912B68922AB088C100505677 /* Debug */,
				912B68932AB088C100505677 /* Release */,
			);
			defaultConfigurationIsVisible = 0;
			defaultConfigurationName = Release;
		};
/* End XCConfigurationList section */
	};
	rootObject = 912B687B2AB088BF00505677 /* Project object */;
}
